
Microsoft Visual Studio Solution File, Format Version 12.00
# Visual Studio Version 17
VisualStudioVersion = 17.0.31410.414
MinimumVisualStudioVersion = 10.0.40219.1
Project("{9A19103F-16F7-4668-BE54-9A1E7A4F7556}") = "LegacyModels", "LegacyModels\LegacyModels.csproj", "{F3B8FF70-3BFA-4EB3-8822-95C136DD4C35}"
EndProject
Project("{9A19103F-16F7-4668-BE54-9A1E7A4F7556}") = "SemanticLibrary", "SemanticLibrary\SemanticLibrary.csproj", "{9CC8ADEE-2A06-48F6-8B4B-70DCD7E2EE5F}"
EndProject
Project("{9A19103F-16F7-4668-BE54-9A1E7A4F7556}") = "SemanticStructuresTests", "SemanticStructuresTests\SemanticStructuresTests.csproj", "{3F2E814C-EF91-4FDC-87A1-06D1598997B4}"
EndProject
Project("{9A19103F-16F7-4668-BE54-9A1E7A4F7556}") = "SemanticGlossaryGenerator", "SemanticGlossaryGenerator\SemanticGlossaryGenerator.csproj", "{8245F3E6-0299-421D-9578-DCD576554A84}"
EndProject
Project("{9A19103F-16F7-4668-BE54-9A1E7A4F7556}") = "TestConsole", "TestConsole\TestConsole.csproj", "{878208FE-265D-4080-93D0-62F5C3C027D6}"
EndProject
Project("{D954291E-2A0B-460D-934E-DC6B0785DB48}") = "SharedGenerators", "SharedGenerators\SharedGenerators.shproj", "{1B2882B1-8EFA-4C83-95E5-2B6B764DC469}"
EndProject
Project("{9A19103F-16F7-4668-BE54-9A1E7A4F7556}") = "MappingConsole", "MappingConsole\MappingConsole.csproj", "{268B3C61-4642-4845-918A-FFF241198B5D}"
EndProject
Project("{9A19103F-16F7-4668-BE54-9A1E7A4F7556}") = "NorthwindModels", "NorthwindModels\NorthwindModels.csproj", "{7A5C0A90-7F86-4B81-8A29-426DA92CCD9D}"
EndProject
Project("{2150E333-8FDC-42A3-9474-1A3956D46DE8}") = "Models", "Models", "{945852E0-BFB0-4F1B-B569-D096455B0C7B}"
EndProject
Project("{2150E333-8FDC-42A3-9474-1A3956D46DE8}") = "Generators", "Generators", "{1A46B092-54C5-4BC6-9CC1-270DD8C6E5C3}"
EndProject
Project("{2150E333-8FDC-42A3-9474-1A3956D46DE8}") = "Tests", "Tests", "{139EDF24-67A1-4BE0-8168-7B2D2841ACA9}"
EndProject
Project("{9A19103F-16F7-4668-BE54-9A1E7A4F7556}") = "ErpDomain", "ErpDomain\ErpDomain.csproj", "{AF2C8226-102D-4F52-82C7-3A467B88DFDD}"
EndProject
Project("{9A19103F-16F7-4668-BE54-9A1E7A4F7556}") = "DeserializationConsole", "DeserializationConsole\DeserializationConsole.csproj", "{EA62B947-69E1-4811-BD48-FAC96E77315E}"
EndProject
Project("{9A19103F-16F7-4668-BE54-9A1E7A4F7556}") = "ConversionLibrary", "ConversionLibrary\ConversionLibrary.csproj", "{50F70773-BB56-44DB-954C-A4AFEBAA2310}"
EndProject
Project("{9A19103F-16F7-4668-BE54-9A1E7A4F7556}") = "MaterializerLibrary", "MaterializerLibrary\MaterializerLibrary.csproj", "{FF9372AF-88BE-4F8D-824D-3B2A8545119B}"
EndProject
Project("{2150E333-8FDC-42A3-9474-1A3956D46DE8}") = "Domains", "Domains", "{D8BBE246-F9E7-4DF7-811E-ABBC3D5977A9}"
EndProject
Project("{2150E333-8FDC-42A3-9474-1A3956D46DE8}") = "Materialization", "Materialization", "{93AC4280-6486-45AA-BF1C-991FCB3CD06F}"
EndProject
Global
	GlobalSection(SharedMSBuildProjectFiles) = preSolution
		SharedGenerators\SharedGenerators.projitems*{1b2882b1-8efa-4c83-95e5-2b6b764dc469}*SharedItemsImports = 13
		SharedGenerators\SharedGenerators.projitems*{268b3c61-4642-4845-918a-fff241198b5d}*SharedItemsImports = 5
		SharedGenerators\SharedGenerators.projitems*{3f2e814c-ef91-4fdc-87a1-06d1598997b4}*SharedItemsImports = 5
		SharedGenerators\SharedGenerators.projitems*{8245f3e6-0299-421d-9578-dcd576554a84}*SharedItemsImports = 5
		SharedGenerators\SharedGenerators.projitems*{878208fe-265d-4080-93d0-62f5c3c027d6}*SharedItemsImports = 5
	EndGlobalSection
	GlobalSection(SolutionConfigurationPlatforms) = preSolution
		Debug|Any CPU = Debug|Any CPU
		Release|Any CPU = Release|Any CPU
	EndGlobalSection
	GlobalSection(ProjectConfigurationPlatforms) = postSolution
		{F3B8FF70-3BFA-4EB3-8822-95C136DD4C35}.Debug|Any CPU.ActiveCfg = Debug|Any CPU
		{F3B8FF70-3BFA-4EB3-8822-95C136DD4C35}.Debug|Any CPU.Build.0 = Debug|Any CPU
		{F3B8FF70-3BFA-4EB3-8822-95C136DD4C35}.Release|Any CPU.ActiveCfg = Release|Any CPU
		{F3B8FF70-3BFA-4EB3-8822-95C136DD4C35}.Release|Any CPU.Build.0 = Release|Any CPU
		{9CC8ADEE-2A06-48F6-8B4B-70DCD7E2EE5F}.Debug|Any CPU.ActiveCfg = Debug|Any CPU
		{9CC8ADEE-2A06-48F6-8B4B-70DCD7E2EE5F}.Debug|Any CPU.Build.0 = Debug|Any CPU
		{9CC8ADEE-2A06-48F6-8B4B-70DCD7E2EE5F}.Release|Any CPU.ActiveCfg = Release|Any CPU
		{9CC8ADEE-2A06-48F6-8B4B-70DCD7E2EE5F}.Release|Any CPU.Build.0 = Release|Any CPU
		{3F2E814C-EF91-4FDC-87A1-06D1598997B4}.Debug|Any CPU.ActiveCfg = Debug|Any CPU
		{3F2E814C-EF91-4FDC-87A1-06D1598997B4}.Debug|Any CPU.Build.0 = Debug|Any CPU
		{3F2E814C-EF91-4FDC-87A1-06D1598997B4}.Release|Any CPU.ActiveCfg = Release|Any CPU
		{3F2E814C-EF91-4FDC-87A1-06D1598997B4}.Release|Any CPU.Build.0 = Release|Any CPU
		{8245F3E6-0299-421D-9578-DCD576554A84}.Debug|Any CPU.ActiveCfg = Debug|Any CPU
		{8245F3E6-0299-421D-9578-DCD576554A84}.Debug|Any CPU.Build.0 = Debug|Any CPU
		{8245F3E6-0299-421D-9578-DCD576554A84}.Release|Any CPU.ActiveCfg = Release|Any CPU
		{8245F3E6-0299-421D-9578-DCD576554A84}.Release|Any CPU.Build.0 = Release|Any CPU
		{878208FE-265D-4080-93D0-62F5C3C027D6}.Debug|Any CPU.ActiveCfg = Debug|Any CPU
		{878208FE-265D-4080-93D0-62F5C3C027D6}.Debug|Any CPU.Build.0 = Debug|Any CPU
		{878208FE-265D-4080-93D0-62F5C3C027D6}.Release|Any CPU.ActiveCfg = Release|Any CPU
		{878208FE-265D-4080-93D0-62F5C3C027D6}.Release|Any CPU.Build.0 = Release|Any CPU
		{268B3C61-4642-4845-918A-FFF241198B5D}.Debug|Any CPU.ActiveCfg = Debug|Any CPU
		{268B3C61-4642-4845-918A-FFF241198B5D}.Debug|Any CPU.Build.0 = Debug|Any CPU
		{268B3C61-4642-4845-918A-FFF241198B5D}.Release|Any CPU.ActiveCfg = Release|Any CPU
		{268B3C61-4642-4845-918A-FFF241198B5D}.Release|Any CPU.Build.0 = Release|Any CPU
		{7A5C0A90-7F86-4B81-8A29-426DA92CCD9D}.Debug|Any CPU.ActiveCfg = Debug|Any CPU
		{7A5C0A90-7F86-4B81-8A29-426DA92CCD9D}.Debug|Any CPU.Build.0 = Debug|Any CPU
		{7A5C0A90-7F86-4B81-8A29-426DA92CCD9D}.Release|Any CPU.ActiveCfg = Release|Any CPU
		{7A5C0A90-7F86-4B81-8A29-426DA92CCD9D}.Release|Any CPU.Build.0 = Release|Any CPU
		{AF2C8226-102D-4F52-82C7-3A467B88DFDD}.Debug|Any CPU.ActiveCfg = Debug|Any CPU
		{AF2C8226-102D-4F52-82C7-3A467B88DFDD}.Debug|Any CPU.Build.0 = Debug|Any CPU
		{AF2C8226-102D-4F52-82C7-3A467B88DFDD}.Release|Any CPU.ActiveCfg = Release|Any CPU
		{AF2C8226-102D-4F52-82C7-3A467B88DFDD}.Release|Any CPU.Build.0 = Release|Any CPU
		{EA62B947-69E1-4811-BD48-FAC96E77315E}.Debug|Any CPU.ActiveCfg = Debug|Any CPU
		{EA62B947-69E1-4811-BD48-FAC96E77315E}.Debug|Any CPU.Build.0 = Debug|Any CPU
		{EA62B947-69E1-4811-BD48-FAC96E77315E}.Release|Any CPU.ActiveCfg = Release|Any CPU
		{EA62B947-69E1-4811-BD48-FAC96E77315E}.Release|Any CPU.Build.0 = Release|Any CPU
		{50F70773-BB56-44DB-954C-A4AFEBAA2310}.Debug|Any CPU.ActiveCfg = Debug|Any CPU
		{50F70773-BB56-44DB-954C-A4AFEBAA2310}.Debug|Any CPU.Build.0 = Debug|Any CPU
		{50F70773-BB56-44DB-954C-A4AFEBAA2310}.Release|Any CPU.ActiveCfg = Release|Any CPU
		{50F70773-BB56-44DB-954C-A4AFEBAA2310}.Release|Any CPU.Build.0 = Release|Any CPU
		{FF9372AF-88BE-4F8D-824D-3B2A8545119B}.Debug|Any CPU.ActiveCfg = Debug|Any CPU
		{FF9372AF-88BE-4F8D-824D-3B2A8545119B}.Debug|Any CPU.Build.0 = Debug|Any CPU
		{FF9372AF-88BE-4F8D-824D-3B2A8545119B}.Release|Any CPU.ActiveCfg = Release|Any CPU
		{FF9372AF-88BE-4F8D-824D-3B2A8545119B}.Release|Any CPU.Build.0 = Release|Any CPU
	EndGlobalSection
	GlobalSection(SolutionProperties) = preSolution
		HideSolutionNode = FALSE
	EndGlobalSection
	GlobalSection(NestedProjects) = preSolution
		{F3B8FF70-3BFA-4EB3-8822-95C136DD4C35} = {945852E0-BFB0-4F1B-B569-D096455B0C7B}
		{3F2E814C-EF91-4FDC-87A1-06D1598997B4} = {139EDF24-67A1-4BE0-8168-7B2D2841ACA9}
		{8245F3E6-0299-421D-9578-DCD576554A84} = {1A46B092-54C5-4BC6-9CC1-270DD8C6E5C3}
		{878208FE-265D-4080-93D0-62F5C3C027D6} = {139EDF24-67A1-4BE0-8168-7B2D2841ACA9}
		{1B2882B1-8EFA-4C83-95E5-2B6B764DC469} = {1A46B092-54C5-4BC6-9CC1-270DD8C6E5C3}
		{268B3C61-4642-4845-918A-FFF241198B5D} = {139EDF24-67A1-4BE0-8168-7B2D2841ACA9}
		{7A5C0A90-7F86-4B81-8A29-426DA92CCD9D} = {945852E0-BFB0-4F1B-B569-D096455B0C7B}
		{AF2C8226-102D-4F52-82C7-3A467B88DFDD} = {D8BBE246-F9E7-4DF7-811E-ABBC3D5977A9}
		{EA62B947-69E1-4811-BD48-FAC96E77315E} = {139EDF24-67A1-4BE0-8168-7B2D2841ACA9}
		{50F70773-BB56-44DB-954C-A4AFEBAA2310} = {93AC4280-6486-45AA-BF1C-991FCB3CD06F}
		{FF9372AF-88BE-4F8D-824D-3B2A8545119B} = {93AC4280-6486-45AA-BF1C-991FCB3CD06F}
	EndGlobalSection
	GlobalSection(ExtensibilityGlobals) = postSolution
		SolutionGuid = {BDC7C7E5-38C7-49A4-B565-A242960159E4}
	EndGlobalSection
EndGlobal
